
Microsoft Visual Studio Solution File, Format Version 12.00
# Visual Studio Version 17
VisualStudioVersion = 17.14.36414.22 d17.14
MinimumVisualStudioVersion = 10.0.40219.1
Project("{FAE04EC0-301F-11D3-BF4B-00C04F79EFBC}") = "MotywatorCodzienny", "MotywatorCodzienny\MotywatorCodzienny.csproj", "{ABFCACF8-1B0E-4596-B65C-B3AC44B9120B}"
EndProject
Global
	GlobalSection(SolutionConfigurationPlatforms) = preSolution
		Debug|Any CPU = Debug|Any CPU
		Release|Any CPU = Release|Any CPU
	EndGlobalSection
	GlobalSection(ProjectConfigurationPlatforms) = postSolution
		{ABFCACF8-1B0E-4596-B65C-B3AC44B9120B}.Debug|Any CPU.ActiveCfg = Debug|Any CPU
		{ABFCACF8-1B0E-4596-B65C-B3AC44B9120B}.Debug|Any CPU.Build.0 = Debug|Any CPU
		{ABFCACF8-1B0E-4596-B65C-B3AC44B9120B}.Release|Any CPU.ActiveCfg = Release|Any CPU
		{ABFCACF8-1B0E-4596-B65C-B3AC44B9120B}.Release|Any CPU.Build.0 = Release|Any CPU
	EndGlobalSection
	GlobalSection(SolutionProperties) = preSolution
		HideSolutionNode = FALSE
	EndGlobalSection
	GlobalSection(ExtensibilityGlobals) = postSolution
		SolutionGuid = {244E7971-FD22-450B-82A3-F1BDA38DB69D}
	EndGlobalSection
EndGlobal
